uuid: 6825cd79-50db-4ad2-b6bb-358f67b76f15
langcode: en
status: true
dependencies:
  module:
    - drupalup_block
  theme:
    - olivero
id: drupalupblock
theme: olivero
region: content_below
weight: 0
provider: null
plugin: drupalup_block
settings:
  id: drupalup_block
  label: 'Drupalup block'
  label_display: visible
  provider: drupalup_block
visibility: {  }
